
Microsoft Visual Studio Solution File, Format Version 12.00
# Visual Studio Version 16
VisualStudioVersion = 16.0.29613.14
MinimumVisualStudioVersion = 10.0.40219.1
Project("{9A19103F-16F7-4668-BE54-9A1E7A4F7556}") = "WebAPI", "WebAPI.csproj", "{A1431C10-74B8-4212-B66C-AA2CA663D61A}"
EndProject
Global
	GlobalSection(SolutionConfigurationPlatforms) = preSolution
		Debug|Any CPU = Debug|Any CPU
		Release|Any CPU = Release|Any CPU
	EndGlobalSection
	GlobalSection(ProjectConfigurationPlatforms) = postSolution
		{A1431C10-74B8-4212-B66C-AA2CA663D61A}.Debug|Any CPU.ActiveCfg = Debug|Any CPU
		{A1431C10-74B8-4212-B66C-AA2CA663D61A}.Debug|Any CPU.Build.0 = Debug|Any CPU
		{A1431C10-74B8-4212-B66C-AA2CA663D61A}.Release|Any CPU.ActiveCfg = Release|Any CPU
		{A1431C10-74B8-4212-B66C-AA2CA663D61A}.Release|Any CPU.Build.0 = Release|Any CPU
	EndGlobalSection
	GlobalSection(SolutionProperties) = preSolution
		HideSolutionNode = FALSE
	EndGlobalSection
	GlobalSection(ExtensibilityGlobals) = postSolution
		SolutionGuid = {B00908CB-CDAA-423C-93FC-3440A6454A5C}
	EndGlobalSection
EndGlobal
